// !$*UTF8*$!
{
	archiveVersion = 1;
	classes = {
	};
	objectVersion = 50;
	objects = {

/* Begin PBXBuildFile section */
		DC1DFD3821B0CDB8000B4B33 /* main.cpp in Sources */ = {isa = PBXBuildFile; fileRef = DC1DFD3721B0CDB8000B4B33 /* main.cpp */; };
		DC1DFD4021B0CE46000B4B33 /* libcurl.tbd in Frameworks */ = {isa = PBXBuildFile; fileRef = DC1DFD3F21B0CE46000B4B33 /* libcurl.tbd */; };
		DC4686E121C70665008F4991 /* librestclient-cpp.a in Frameworks */ = {isa = PBXBuildFile; fileRef = DC4686E021C70665008F4991 /* librestclient-cpp.a */; };
		DCFC6EC421B22E9200113524 /* Sequence.cpp in Sources */ = {isa = PBXBuildFile; fileRef = DCFC6EC221B22E9200113524 /* Sequence.cpp */; };
/* End PBXBuildFile section */

/* Begin PBXCopyFilesBuildPhase section */
		DC1DFD3221B0CDB8000B4B33 /* Copy Files */ = {
			isa = PBXCopyFilesBuildPhase;
			buildActionMask = 2147483647;
			dstPath = /usr/share/man/man1/;
			dstSubfolderSpec = 0;
			files = (
			);
			name = "Copy Files";
			runOnlyForDeploymentPostprocessing = 1;
		};
/* End PBXCopyFilesBuildPhase section */

/* Begin PBXFileReference section */
		DC1DFD3421B0CDB8000B4B33 /* ProgramminngProject */ = {isa = PBXFileReference; explicitFileType = "compiled.mach-o.executable"; includeInIndex = 0; path = ProgramminngProject; sourceTree = BUILT_PRODUCTS_DIR; };
		DC1DFD3721B0CDB8000B4B33 /* main.cpp */ = {isa = PBXFileReference; lastKnownFileType = sourcecode.cpp.cpp; path = main.cpp; sourceTree = "<group>"; };
		DC1DFD3F21B0CE46000B4B33 /* libcurl.tbd */ = {isa = PBXFileReference; lastKnownFileType = "sourcecode.text-based-dylib-definition"; name = libcurl.tbd; path = usr/lib/libcurl.tbd; sourceTree = SDKROOT; };
		DC1DFD4121B0DC16000B4B33 /* librestclient-cpp.1.dylib */ = {isa = PBXFileReference; lastKnownFileType = "compiled.mach-o.dylib"; name = "librestclient-cpp.1.dylib"; path = "../../../../../usr/local/Cellar/restclient-cpp/0.4.4/lib/librestclient-cpp.1.dylib"; sourceTree = "<group>"; };
		DC4686E021C70665008F4991 /* librestclient-cpp.a */ = {isa = PBXFileReference; lastKnownFileType = archive.ar; name = "librestclient-cpp.a"; path = "../../../../../usr/local/Cellar/restclient-cpp/0.4.4/lib/librestclient-cpp.a"; sourceTree = "<group>"; };
		DCB46B5921EAB021000E1ECE /* catch.hpp */ = {isa = PBXFileReference; lastKnownFileType = sourcecode.cpp.h; path = catch.hpp; sourceTree = "<group>"; };
		DCFC6EC221B22E9200113524 /* Sequence.cpp */ = {isa = PBXFileReference; lastKnownFileType = sourcecode.cpp.cpp; path = Sequence.cpp; sourceTree = "<group>"; };
		DCFC6EC321B22E9200113524 /* Sequence.hpp */ = {isa = PBXFileReference; lastKnownFileType = sourcecode.cpp.h; path = Sequence.hpp; sourceTree = "<group>"; };
/* End PBXFileReference section */

/* Begin PBXFrameworksBuildPhase section */
		DC1DFD3121B0CDB8000B4B33 /* Frameworks */ = {
			isa = PBXFrameworksBuildPhase;
			buildActionMask = 2147483647;
			files = (
				DC4686E121C70665008F4991 /* librestclient-cpp.a in Frameworks */,
				DC1DFD4021B0CE46000B4B33 /* libcurl.tbd in Frameworks */,
			);
			runOnlyForDeploymentPostprocessing = 0;
		};
/* End PBXFrameworksBuildPhase section */

/* Begin PBXGroup section */
		DC1DFD2B21B0CDB8000B4B33 = {
			isa = PBXGroup;
			children = (
				DCB46B5821EAAFEE000E1ECE /* Test */,
				DC1DFD3621B0CDB8000B4B33 /* ProgramminngProject */,
				DC1DFD3521B0CDB8000B4B33 /* Products */,
				DC1DFD3E21B0CE45000B4B33 /* Frameworks */,
			);
			sourceTree = "<group>";
		};
		DC1DFD3521B0CDB8000B4B33 /* Products */ = {
			isa = PBXGroup;
			children = (
				DC1DFD3421B0CDB8000B4B33 /* ProgramminngProject */,
			);
			name = Products;
			sourceTree = "<group>";
		};
		DC1DFD3621B0CDB8000B4B33 /* ProgramminngProject */ = {
			isa = PBXGroup;
			children = (
				DC1DFD3721B0CDB8000B4B33 /* main.cpp */,
				DCFC6EC221B22E9200113524 /* Sequence.cpp */,
				DCFC6EC321B22E9200113524 /* Sequence.hpp */,
			);
			path = ProgramminngProject;
			sourceTree = "<group>";
		};
		DC1DFD3E21B0CE45000B4B33 /* Frameworks */ = {
			isa = PBXGroup;
			children = (
				DC4686E021C70665008F4991 /* librestclient-cpp.a */,
				DC1DFD4121B0DC16000B4B33 /* librestclient-cpp.1.dylib */,
				DC1DFD3F21B0CE46000B4B33 /* libcurl.tbd */,
			);
			name = Frameworks;
			sourceTree = "<group>";
		};
		DCB46B5821EAAFEE000E1ECE /* Test */ = {
			isa = PBXGroup;
			children = (
				DCB46B5921EAB021000E1ECE /* catch.hpp */,
			);
			path = Test;
			sourceTree = "<group>";
		};
/* End PBXGroup section */

/* Begin PBXNativeTarget section */
		DC1DFD3321B0CDB8000B4B33 /* ProgramminngProject */ = {
			isa = PBXNativeTarget;
			buildConfigurationList = DC1DFD3B21B0CDB8000B4B33 /* Build configuration list for PBXNativeTarget "ProgramminngProject" */;
			buildPhases = (
				DC1DFD3021B0CDB8000B4B33 /* Sources */,
				DC1DFD3121B0CDB8000B4B33 /* Frameworks */,
				DC1DFD3221B0CDB8000B4B33 /* Copy Files */,
			);
			buildRules = (
			);
			dependencies = (
			);
			name = ProgramminngProject;
			productName = ProgramminngProject;
			productReference = DC1DFD3421B0CDB8000B4B33 /* ProgramminngProject */;
			productType = "com.apple.product-type.tool";
		};
/* End PBXNativeTarget section */

/* Begin PBXProject section */
		DC1DFD2C21B0CDB8000B4B33 /* Project object */ = {
			isa = PBXProject;
			attributes = {
				LastUpgradeCheck = 1010;
				ORGANIZATIONNAME = "Yahui Liang";
				TargetAttributes = {
					DC1DFD3321B0CDB8000B4B33 = {
						CreatedOnToolsVersion = 10.1;
					};
				};
			};
			buildConfigurationList = DC1DFD2F21B0CDB8000B4B33 /* Build configuration list for PBXProject "ProgramminngProject" */;
			compatibilityVersion = "Xcode 9.3";
			developmentRegion = en;
			hasScannedForEncodings = 0;
			knownRegions = (
				en,
			);
			mainGroup = DC1DFD2B21B0CDB8000B4B33;
			productRefGroup = DC1DFD3521B0CDB8000B4B33 /* Products */;
			projectDirPath = "";
			projectRoot = "";
			targets = (
				DC1DFD3321B0CDB8000B4B33 /* ProgramminngProject */,
			);
		};
/* End PBXProject section */

/* Begin PBXSourcesBuildPhase section */
		DC1DFD3021B0CDB8000B4B33 /* Sources */ = {
			isa = PBXSourcesBuildPhase;
			buildActionMask = 2147483647;
			files = (
				DCFC6EC421B22E9200113524 /* Sequence.cpp in Sources */,
				DC1DFD3821B0CDB8000B4B33 /* main.cpp in Sources */,
			);
			runOnlyForDeploymentPostprocessing = 0;
		};
/* End PBXSourcesBuildPhase section */

/* Begin XCBuildConfiguration section */
		DC1DFD3921B0CDB8000B4B33 /* Debug */ = {
			isa = XCBuildConfiguration;
			buildSettings = {
				ALWAYS_SEARCH_USER_PATHS = NO;
				CLANG_ANALYZER_NONNULL = YES;
				CLANG_ANALYZER_NUMBER_OBJECT_CONVERSION = YES_AGGRESSIVE;
				CLANG_CXX_LANGUAGE_STANDARD = "gnu++14";
				CLANG_CXX_LIBRARY = "libc++";
				CLANG_ENABLE_MODULES = YES;
				CLANG_ENABLE_OBJC_ARC = YES;
				CLANG_ENABLE_OBJC_WEAK = YES;
				CLANG_WARN_BLOCK_CAPTURE_AUTORELEASING = YES;
				CLANG_WARN_BOOL_CONVERSION = YES;
				CLANG_WARN_COMMA = YES;
				CLANG_WARN_CONSTANT_CONVERSION = YES;
				CLANG_WARN_DEPRECATED_OBJC_IMPLEMENTATIONS = YES;
				CLANG_WARN_DIRECT_OBJC_ISA_USAGE = YES_ERROR;
				CLANG_WARN_DOCUMENTATION_COMMENTS = YES;
				CLANG_WARN_EMPTY_BODY = YES;
				CLANG_WARN_ENUM_CONVERSION = YES;
				CLANG_WARN_INFINITE_RECURSION = YES;
				CLANG_WARN_INT_CONVERSION = YES;
				CLANG_WARN_NON_LITERAL_NULL_CONVERSION = YES;
				CLANG_WARN_OBJC_IMPLICIT_RETAIN_SELF = YES;
				CLANG_WARN_OBJC_LITERAL_CONVERSION = YES;
				CLANG_WARN_OBJC_ROOT_CLASS = YES_ERROR;
				CLANG_WARN_RANGE_LOOP_ANALYSIS = YES;
				CLANG_WARN_STRICT_PROTOTYPES = YES;
				CLANG_WARN_SUSPICIOUS_MOVE = YES;
				CLANG_WARN_UNGUARDED_AVAILABILITY = YES_AGGRESSIVE;
				CLANG_WARN_UNREACHABLE_CODE = YES;
				CLANG_WARN__DUPLICATE_METHOD_MATCH = YES;
				CODE_SIGN_IDENTITY = "-";
				COPY_PHASE_STRIP = NO;
				DEBUG_INFORMATION_FORMAT = dwarf;
				ENABLE_STRICT_OBJC_MSGSEND = YES;
				ENABLE_TESTABILITY = YES;
				GCC_C_LANGUAGE_STANDARD = gnu11;
				GCC_DYNAMIC_NO_PIC = NO;
				GCC_NO_COMMON_BLOCKS = YES;
				GCC_OPTIMIZATION_LEVEL = fast;
				GCC_PREPROCESSOR_DEFINITIONS = (
					"DEBUG=1",
					"$(inherited)",
				);
				GCC_WARN_64_TO_32_BIT_CONVERSION = YES;
				GCC_WARN_ABOUT_RETURN_TYPE = YES_ERROR;
				GCC_WARN_UNDECLARED_SELECTOR = YES;
				GCC_WARN_UNINITIALIZED_AUTOS = YES_AGGRESSIVE;
				GCC_WARN_UNUSED_FUNCTION = YES;
				GCC_WARN_UNUSED_VARIABLE = YES;
				MACOSX_DEPLOYMENT_TARGET = 10.14;
				MTL_ENABLE_DEBUG_INFO = INCLUDE_SOURCE;
				MTL_FAST_MATH = YES;
				ONLY_ACTIVE_ARCH = YES;
				SDKROOT = macosx;
			};
			name = Debug;
		};
		DC1DFD3A21B0CDB8000B4B33 /* Release */ = {
			isa = XCBuildConfiguration;
			buildSettings = {
				ALWAYS_SEARCH_USER_PATHS = NO;
				CLANG_ANALYZER_NONNULL = YES;
				CLANG_ANALYZER_NUMBER_OBJECT_CONVERSION = YES_AGGRESSIVE;
				CLANG_CXX_LANGUAGE_STANDARD = "gnu++14";
				CLANG_CXX_LIBRARY = "libc++";
				CLANG_ENABLE_MODULES = YES;
				CLANG_ENABLE_OBJC_ARC = YES;
				CLANG_ENABLE_OBJC_WEAK = YES;
				CLANG_WARN_BLOCK_CAPTURE_AUTORELEASING = YES;
				CLANG_WARN_BOOL_CONVERSION = YES;
				CLANG_WARN_COMMA = YES;
				CLANG_WARN_CONSTANT_CONVERSION = YES;
				CLANG_WARN_DEPRECATED_OBJC_IMPLEMENTATIONS = YES;
				CLANG_WARN_DIRECT_OBJC_ISA_USAGE = YES_ERROR;
				CLANG_WARN_DOCUMENTATION_COMMENTS = YES;
				CLANG_WARN_EMPTY_BODY = YES;
				CLANG_WARN_ENUM_CONVERSION = YES;
				CLANG_WARN_INFINITE_RECURSION = YES;
				CLANG_WARN_INT_CONVERSION = YES;
				CLANG_WARN_NON_LITERAL_NULL_CONVERSION = YES;
				CLANG_WARN_OBJC_IMPLICIT_RETAIN_SELF = YES;
				CLANG_WARN_OBJC_LITERAL_CONVERSION = YES;
				CLANG_WARN_OBJC_ROOT_CLASS = YES_ERROR;
				CLANG_WARN_RANGE_LOOP_ANALYSIS = YES;
				CLANG_WARN_STRICT_PROTOTYPES = YES;
				CLANG_WARN_SUSPICIOUS_MOVE = YES;
				CLANG_WARN_UNGUARDED_AVAILABILITY = YES_AGGRESSIVE;
				CLANG_WARN_UNREACHABLE_CODE = YES;
				CLANG_WARN__DUPLICATE_METHOD_MATCH = YES;
				CODE_SIGN_IDENTITY = "-";
				COPY_PHASE_STRIP = NO;
				DEBUG_INFORMATION_FORMAT = "dwarf-with-dsym";
				ENABLE_NS_ASSERTIONS = NO;
				ENABLE_STRICT_OBJC_MSGSEND = YES;
				GCC_C_LANGUAGE_STANDARD = gnu11;
				GCC_NO_COMMON_BLOCKS = YES;
				GCC_OPTIMIZATION_LEVEL = fast;
				GCC_WARN_64_TO_32_BIT_CONVERSION = YES;
				GCC_WARN_ABOUT_RETURN_TYPE = YES_ERROR;
				GCC_WARN_UNDECLARED_SELECTOR = YES;
				GCC_WARN_UNINITIALIZED_AUTOS = YES_AGGRESSIVE;
				GCC_WARN_UNUSED_FUNCTION = YES;
				GCC_WARN_UNUSED_VARIABLE = YES;
				MACOSX_DEPLOYMENT_TARGET = 10.14;
				MTL_ENABLE_DEBUG_INFO = NO;
				MTL_FAST_MATH = YES;
				SDKROOT = macosx;
			};
			name = Release;
		};
		DC1DFD3C21B0CDB8000B4B33 /* Debug */ = {
			isa = XCBuildConfiguration;
			buildSettings = {
				CODE_SIGN_STYLE = Automatic;
				GCC_OPTIMIZATION_LEVEL = 0;
				LIBRARY_SEARCH_PATHS = (
					"$(inherited)",
					"/usr/local/Cellar/restclient-cpp/0.4.4/lib",
				);
				PRODUCT_NAME = "$(TARGET_NAME)";
				"USER_HEADER_SEARCH_PATHS[arch=*]" = "/usr/local/Cellar/restclient-cpp/0.4.4/include/";
			};
			name = Debug;
		};
		DC1DFD3D21B0CDB8000B4B33 /* Release */ = {
			isa = XCBuildConfiguration;
			buildSettings = {
				CODE_SIGN_STYLE = Automatic;
				GCC_OPTIMIZATION_LEVEL = fast;
				LIBRARY_SEARCH_PATHS = (
					"$(inherited)",
					"/usr/local/Cellar/restclient-cpp/0.4.4/lib",
				);
				PRODUCT_NAME = "$(TARGET_NAME)";
			};
			name = Release;
		};
/* End XCBuildConfiguration section */

/* Begin XCConfigurationList section */
		DC1DFD2F21B0CDB8000B4B33 /* Build configuration list for PBXProject "ProgramminngProject" */ = {
			isa = XCConfigurationList;
			buildConfigurations = (
				DC1DFD3921B0CDB8000B4B33 /* Debug */,
				DC1DFD3A21B0CDB8000B4B33 /* Release */,
			);
			defaultConfigurationIsVisible = 0;
			defaultConfigurationName = Release;
		};
		DC1DFD3B21B0CDB8000B4B33 /* Build configuration list for PBXNativeTarget "ProgramminngProject" */ = {
			isa = XCConfigurationList;
			buildConfigurations = (
				DC1DFD3C21B0CDB8000B4B33 /* Debug */,
				DC1DFD3D21B0CDB8000B4B33 /* Release */,
			);
			defaultConfigurationIsVisible = 0;
			defaultConfigurationName = Release;
		};
/* End XCConfigurationList section */
	};
	rootObject = DC1DFD2C21B0CDB8000B4B33 /* Project object */;
}
